// !$*UTF8*$!
{
	archiveVersion = 1;
	classes = {
	};
	objectVersion = 77;
	objects = {

/* Begin PBXBuildFile section */
		173314E42DC159DB00318DD8 /* Swinject in Frameworks */ = {isa = PBXBuildFile; productRef = 173314E32DC159DB00318DD8 /* Swinject */; };
		173B62752E0977B200454071 /* Lottie in Frameworks */ = {isa = PBXBuildFile; productRef = 173B62742E0977B200454071 /* Lottie */; };
		173B62782E0977DB00454071 /* Supabase in Frameworks */ = {isa = PBXBuildFile; productRef = 173B62772E0977DB00454071 /* Supabase */; };
		173CEE452E06AA5900DB2FE1 /* .gitignore in Resources */ = {isa = PBXBuildFile; fileRef = 173CEE442E06AA5200DB2FE1 /* .gitignore */; };
		17B82D082E59025700C58824 /* RevenueCat in Frameworks */ = {isa = PBXBuildFile; productRef = 17B82D072E59025700C58824 /* RevenueCat */; };
/* End PBXBuildFile section */

/* Begin PBXContainerItemProxy section */
		175D13BA2DC112D300A6191A /* PBXContainerItemProxy */ = {
			isa = PBXContainerItemProxy;
			containerPortal = 175D139F2DC112BB00A6191A /* Project object */;
			proxyType = 1;
			remoteGlobalIDString = 175D13A62DC112BB00A6191A;
			remoteInfo = SwahiLib;
		};
		175D13C42DC112D300A6191A /* PBXContainerItemProxy */ = {
			isa = PBXContainerItemProxy;
			containerPortal = 175D139F2DC112BB00A6191A /* Project object */;
			proxyType = 1;
			remoteGlobalIDString = 175D13A62DC112BB00A6191A;
			remoteInfo = SwahiLib;
		};
/* End PBXContainerItemProxy section */

/* Begin PBXCopyFilesBuildPhase section */
		173B62722E0946BD00454071 /* Embed Frameworks */ = {
			isa = PBXCopyFilesBuildPhase;
			buildActionMask = 2147483647;
			dstPath = "";
			dstSubfolderSpec = 10;
			files = (
			);
			name = "Embed Frameworks";
			runOnlyForDeploymentPostprocessing = 0;
		};
/* End PBXCopyFilesBuildPhase section */

/* Begin PBXFileReference section */
		173CEE442E06AA5200DB2FE1 /* .gitignore */ = {isa = PBXFileReference; lastKnownFileType = text; path = .gitignore; sourceTree = "<group>"; };
		175D13A72DC112BB00A6191A /* SwahiLib.app */ = {isa = PBXFileReference; explicitFileType = wrapper.application; includeInIndex = 0; path = SwahiLib.app; sourceTree = BUILT_PRODUCTS_DIR; };
		175D13B92DC112D300A6191A /* SwahiLibTests.xctest */ = {isa = PBXFileReference; explicitFileType = wrapper.cfbundle; includeInIndex = 0; path = SwahiLibTests.xctest; sourceTree = BUILT_PRODUCTS_DIR; };
		175D13C32DC112D300A6191A /* SwahiLibUITests.xctest */ = {isa = PBXFileReference; explicitFileType = wrapper.cfbundle; includeInIndex = 0; path = SwahiLibUITests.xctest; sourceTree = BUILT_PRODUCTS_DIR; };
/* End PBXFileReference section */

/* Begin PBXFileSystemSynchronizedBuildFileExceptionSet section */
		173CEECB2E06ACC800DB2FE1 /* Exceptions for "SwahiLib" folder in "SwahiLib" target */ = {
			isa = PBXFileSystemSynchronizedBuildFileExceptionSet;
			membershipExceptions = (
				Info.plist,
			);
			target = 175D13A62DC112BB00A6191A /* SwahiLib */;
		};
/* End PBXFileSystemSynchronizedBuildFileExceptionSet section */

/* Begin PBXFileSystemSynchronizedRootGroup section */
		175D13A92DC112BB00A6191A /* SwahiLib */ = {
			isa = PBXFileSystemSynchronizedRootGroup;
			exceptions = (
				173CEECB2E06ACC800DB2FE1 /* Exceptions for "SwahiLib" folder in "SwahiLib" target */,
			);
			path = SwahiLib;
			sourceTree = "<group>";
		};
		175D13BC2DC112D300A6191A /* SwahiLibTests */ = {
			isa = PBXFileSystemSynchronizedRootGroup;
			path = SwahiLibTests;
			sourceTree = "<group>";
		};
		175D13C62DC112D400A6191A /* SwahiLibUITests */ = {
			isa = PBXFileSystemSynchronizedRootGroup;
			path = SwahiLibUITests;
			sourceTree = "<group>";
		};
/* End PBXFileSystemSynchronizedRootGroup section */

/* Begin PBXFrameworksBuildPhase section */
		175D13A42DC112BB00A6191A /* Frameworks */ = {
			isa = PBXFrameworksBuildPhase;
			buildActionMask = 2147483647;
			files = (
				17B82D082E59025700C58824 /* RevenueCat in Frameworks */,
				173314E42DC159DB00318DD8 /* Swinject in Frameworks */,
				173B62752E0977B200454071 /* Lottie in Frameworks */,
				173B62782E0977DB00454071 /* Supabase in Frameworks */,
			);
			runOnlyForDeploymentPostprocessing = 0;
		};
		175D13B62DC112D300A6191A /* Frameworks */ = {
			isa = PBXFrameworksBuildPhase;
			buildActionMask = 2147483647;
			files = (
			);
			runOnlyForDeploymentPostprocessing = 0;
		};
		175D13C02DC112D300A6191A /* Frameworks */ = {
			isa = PBXFrameworksBuildPhase;
			buildActionMask = 2147483647;
			files = (
			);
			runOnlyForDeploymentPostprocessing = 0;
		};
/* End PBXFrameworksBuildPhase section */

/* Begin PBXGroup section */
		173314E22DC159DB00318DD8 /* Frameworks */ = {
			isa = PBXGroup;
			children = (
			);
			name = Frameworks;
			sourceTree = "<group>";
		};
		175D139E2DC112BB00A6191A = {
			isa = PBXGroup;
			children = (
				173CEE442E06AA5200DB2FE1 /* .gitignore */,
				175D13A92DC112BB00A6191A /* SwahiLib */,
				175D13BC2DC112D300A6191A /* SwahiLibTests */,
				175D13C62DC112D400A6191A /* SwahiLibUITests */,
				173314E22DC159DB00318DD8 /* Frameworks */,
				175D13A82DC112BB00A6191A /* Products */,
			);
			sourceTree = "<group>";
		};
		175D13A82DC112BB00A6191A /* Products */ = {
			isa = PBXGroup;
			children = (
				175D13A72DC112BB00A6191A /* SwahiLib.app */,
				175D13B92DC112D300A6191A /* SwahiLibTests.xctest */,
				175D13C32DC112D300A6191A /* SwahiLibUITests.xctest */,
			);
			name = Products;
			sourceTree = "<group>";
		};
/* End PBXGroup section */

/* Begin PBXNativeTarget section */
		175D13A62DC112BB00A6191A /* SwahiLib */ = {
			isa = PBXNativeTarget;
			buildConfigurationList = 175D13CD2DC112D400A6191A /* Build configuration list for PBXNativeTarget "SwahiLib" */;
			buildPhases = (
				175D13A32DC112BB00A6191A /* Sources */,
				175D13A42DC112BB00A6191A /* Frameworks */,
				175D13A52DC112BB00A6191A /* Resources */,
				173B62722E0946BD00454071 /* Embed Frameworks */,
			);
			buildRules = (
			);
			dependencies = (
			);
			fileSystemSynchronizedGroups = (
				175D13A92DC112BB00A6191A /* SwahiLib */,
			);
			name = SwahiLib;
			packageProductDependencies = (
				173314E32DC159DB00318DD8 /* Swinject */,
				173B62742E0977B200454071 /* Lottie */,
				173B62772E0977DB00454071 /* Supabase */,
				17B82D072E59025700C58824 /* RevenueCat */,
			);
			productName = SwahiLib;
			productReference = 175D13A72DC112BB00A6191A /* SwahiLib.app */;
			productType = "com.apple.product-type.application";
		};
		175D13B82DC112D300A6191A /* SwahiLibTests */ = {
			isa = PBXNativeTarget;
			buildConfigurationList = 175D13D02DC112D400A6191A /* Build configuration list for PBXNativeTarget "SwahiLibTests" */;
			buildPhases = (
				175D13B52DC112D300A6191A /* Sources */,
				175D13B62DC112D300A6191A /* Frameworks */,
				175D13B72DC112D300A6191A /* Resources */,
			);
			buildRules = (
			);
			dependencies = (
				175D13BB2DC112D300A6191A /* PBXTargetDependency */,
			);
			fileSystemSynchronizedGroups = (
				175D13BC2DC112D300A6191A /* SwahiLibTests */,
			);
			name = SwahiLibTests;
			packageProductDependencies = (
			);
			productName = SwahiLibTests;
			productReference = 175D13B92DC112D300A6191A /* SwahiLibTests.xctest */;
			productType = "com.apple.product-type.bundle.unit-test";
		};
		175D13C22DC112D300A6191A /* SwahiLibUITests */ = {
			isa = PBXNativeTarget;
			buildConfigurationList = 175D13D32DC112D400A6191A /* Build configuration list for PBXNativeTarget "SwahiLibUITests" */;
			buildPhases = (
				175D13BF2DC112D300A6191A /* Sources */,
				175D13C02DC112D300A6191A /* Frameworks */,
				175D13C12DC112D300A6191A /* Resources */,
			);
			buildRules = (
			);
			dependencies = (
				175D13C52DC112D300A6191A /* PBXTargetDependency */,
			);
			fileSystemSynchronizedGroups = (
				175D13C62DC112D400A6191A /* SwahiLibUITests */,
			);
			name = SwahiLibUITests;
			packageProductDependencies = (
			);
			productName = SwahiLibUITests;
			productReference = 175D13C32DC112D300A6191A /* SwahiLibUITests.xctest */;
			productType = "com.apple.product-type.bundle.ui-testing";
		};
/* End PBXNativeTarget section */

/* Begin PBXProject section */
		175D139F2DC112BB00A6191A /* Project object */ = {
			isa = PBXProject;
			attributes = {
				BuildIndependentTargetsInParallel = 1;
				LastSwiftUpdateCheck = 1630;
				LastUpgradeCheck = 1640;
				TargetAttributes = {
					175D13A62DC112BB00A6191A = {
						CreatedOnToolsVersion = 16.3;
					};
					175D13B82DC112D300A6191A = {
						CreatedOnToolsVersion = 16.3;
						TestTargetID = 175D13A62DC112BB00A6191A;
					};
					175D13C22DC112D300A6191A = {
						CreatedOnToolsVersion = 16.3;
						TestTargetID = 175D13A62DC112BB00A6191A;
					};
				};
			};
			buildConfigurationList = 175D13A22DC112BB00A6191A /* Build configuration list for PBXProject "SwahiLib" */;
			developmentRegion = en;
			hasScannedForEncodings = 0;
			knownRegions = (
				en,
				Base,
			);
			mainGroup = 175D139E2DC112BB00A6191A;
			minimizedProjectReferenceProxies = 1;
			packageReferences = (
				1733149D2DC1499100318DD8 /* XCRemoteSwiftPackageReference "Swinject" */,
				173B62732E09774B00454071 /* XCRemoteSwiftPackageReference "lottie-ios" */,
				173B62762E0977CB00454071 /* XCRemoteSwiftPackageReference "supabase-swift" */,
				175222CE2E58CF5100A2AD93 /* XCRemoteSwiftPackageReference "purchases-ios-spm" */,
			);
			preferredProjectObjectVersion = 77;
			productRefGroup = 175D13A82DC112BB00A6191A /* Products */;
			projectDirPath = "";
			projectRoot = "";
			targets = (
				175D13A62DC112BB00A6191A /* SwahiLib */,
				175D13B82DC112D300A6191A /* SwahiLibTests */,
				175D13C22DC112D300A6191A /* SwahiLibUITests */,
			);
		};
/* End PBXProject section */

/* Begin PBXResourcesBuildPhase section */
		175D13A52DC112BB00A6191A /* Resources */ = {
			isa = PBXResourcesBuildPhase;
			buildActionMask = 2147483647;
			files = (
				173CEE452E06AA5900DB2FE1 /* .gitignore in Resources */,
			);
			runOnlyForDeploymentPostprocessing = 0;
		};
		175D13B72DC112D300A6191A /* Resources */ = {
			isa = PBXResourcesBuildPhase;
			buildActionMask = 2147483647;
			files = (
			);
			runOnlyForDeploymentPostprocessing = 0;
		};
		175D13C12DC112D300A6191A /* Resources */ = {
			isa = PBXResourcesBuildPhase;
			buildActionMask = 2147483647;
			files = (
			);
			runOnlyForDeploymentPostprocessing = 0;
		};
/* End PBXResourcesBuildPhase section */

/* Begin PBXSourcesBuildPhase section */
		175D13A32DC112BB00A6191A /* Sources */ = {
			isa = PBXSourcesBuildPhase;
			buildActionMask = 2147483647;
			files = (
			);
			runOnlyForDeploymentPostprocessing = 0;
		};
		175D13B52DC112D300A6191A /* Sources */ = {
			isa = PBXSourcesBuildPhase;
			buildActionMask = 2147483647;
			files = (
			);
			runOnlyForDeploymentPostprocessing = 0;
		};
		175D13BF2DC112D300A6191A /* Sources */ = {
			isa = PBXSourcesBuildPhase;
			buildActionMask = 2147483647;
			files = (
			);
			runOnlyForDeploymentPostprocessing = 0;
		};
/* End PBXSourcesBuildPhase section */

/* Begin PBXTargetDependency section */
		175D13BB2DC112D300A6191A /* PBXTargetDependency */ = {
			isa = PBXTargetDependency;
			target = 175D13A62DC112BB00A6191A /* SwahiLib */;
			targetProxy = 175D13BA2DC112D300A6191A /* PBXContainerItemProxy */;
		};
		175D13C52DC112D300A6191A /* PBXTargetDependency */ = {
			isa = PBXTargetDependency;
			target = 175D13A62DC112BB00A6191A /* SwahiLib */;
			targetProxy = 175D13C42DC112D300A6191A /* PBXContainerItemProxy */;
		};
/* End PBXTargetDependency section */

/* Begin XCBuildConfiguration section */
		175D13CB2DC112D400A6191A /* Debug */ = {
			isa = XCBuildConfiguration;
			buildSettings = {
				ALWAYS_SEARCH_USER_PATHS = NO;
				ASSETCATALOG_COMPILER_GENERATE_SWIFT_ASSET_SYMBOL_EXTENSIONS = YES;
				CLANG_ANALYZER_NONNULL = YES;
				CLANG_ANALYZER_NUMBER_OBJECT_CONVERSION = YES_AGGRESSIVE;
				CLANG_CXX_LANGUAGE_STANDARD = "gnu++20";
				CLANG_ENABLE_MODULES = YES;
				CLANG_ENABLE_OBJC_ARC = YES;
				CLANG_ENABLE_OBJC_WEAK = YES;
				CLANG_WARN_BLOCK_CAPTURE_AUTORELEASING = YES;
				CLANG_WARN_BOOL_CONVERSION = YES;
				CLANG_WARN_COMMA = YES;
				CLANG_WARN_CONSTANT_CONVERSION = YES;
				CLANG_WARN_DEPRECATED_OBJC_IMPLEMENTATIONS = YES;
				CLANG_WARN_DIRECT_OBJC_ISA_USAGE = YES_ERROR;
				CLANG_WARN_DOCUMENTATION_COMMENTS = YES;
				CLANG_WARN_EMPTY_BODY = YES;
				CLANG_WARN_ENUM_CONVERSION = YES;
				CLANG_WARN_INFINITE_RECURSION = YES;
				CLANG_WARN_INT_CONVERSION = YES;
				CLANG_WARN_NON_LITERAL_NULL_CONVERSION = YES;
				CLANG_WARN_OBJC_IMPLICIT_RETAIN_SELF = YES;
				CLANG_WARN_OBJC_LITERAL_CONVERSION = YES;
				CLANG_WARN_OBJC_ROOT_CLASS = YES_ERROR;
				CLANG_WARN_QUOTED_INCLUDE_IN_FRAMEWORK_HEADER = YES;
				CLANG_WARN_RANGE_LOOP_ANALYSIS = YES;
				CLANG_WARN_STRICT_PROTOTYPES = YES;
				CLANG_WARN_SUSPICIOUS_MOVE = YES;
				CLANG_WARN_UNGUARDED_AVAILABILITY = YES_AGGRESSIVE;
				CLANG_WARN_UNREACHABLE_CODE = YES;
				CLANG_WARN__DUPLICATE_METHOD_MATCH = YES;
				COPY_PHASE_STRIP = NO;
				DEBUG_INFORMATION_FORMAT = dwarf;
				DEVELOPMENT_TEAM = Q7CNPE587D;
				ENABLE_STRICT_OBJC_MSGSEND = YES;
				ENABLE_TESTABILITY = YES;
				ENABLE_USER_SCRIPT_SANDBOXING = YES;
				GCC_C_LANGUAGE_STANDARD = gnu17;
				GCC_DYNAMIC_NO_PIC = NO;
				GCC_NO_COMMON_BLOCKS = YES;
				GCC_OPTIMIZATION_LEVEL = 0;
				GCC_PREPROCESSOR_DEFINITIONS = (
					"DEBUG=1",
					"$(inherited)",
				);
				GCC_WARN_64_TO_32_BIT_CONVERSION = YES;
				GCC_WARN_ABOUT_RETURN_TYPE = YES_ERROR;
				GCC_WARN_UNDECLARED_SELECTOR = YES;
				GCC_WARN_UNINITIALIZED_AUTOS = YES_AGGRESSIVE;
				GCC_WARN_UNUSED_FUNCTION = YES;
				GCC_WARN_UNUSED_VARIABLE = YES;
				IPHONEOS_DEPLOYMENT_TARGET = 18.4;
				LOCALIZATION_PREFERS_STRING_CATALOGS = YES;
				MTL_ENABLE_DEBUG_INFO = INCLUDE_SOURCE;
				MTL_FAST_MATH = YES;
				ONLY_ACTIVE_ARCH = YES;
				SDKROOT = iphoneos;
				SWIFT_ACTIVE_COMPILATION_CONDITIONS = "DEBUG $(inherited)";
				SWIFT_OPTIMIZATION_LEVEL = "-Onone";
			};
			name = Debug;
		};
		175D13CC2DC112D400A6191A /* Release */ = {
			isa = XCBuildConfiguration;
			buildSettings = {
				ALWAYS_SEARCH_USER_PATHS = NO;
				ASSETCATALOG_COMPILER_GENERATE_SWIFT_ASSET_SYMBOL_EXTENSIONS = YES;
				CLANG_ANALYZER_NONNULL = YES;
				CLANG_ANALYZER_NUMBER_OBJECT_CONVERSION = YES_AGGRESSIVE;
				CLANG_CXX_LANGUAGE_STANDARD = "gnu++20";
				CLANG_ENABLE_MODULES = YES;
				CLANG_ENABLE_OBJC_ARC = YES;
				CLANG_ENABLE_OBJC_WEAK = YES;
				CLANG_WARN_BLOCK_CAPTURE_AUTORELEASING = YES;
				CLANG_WARN_BOOL_CONVERSION = YES;
				CLANG_WARN_COMMA = YES;
				CLANG_WARN_CONSTANT_CONVERSION = YES;
				CLANG_WARN_DEPRECATED_OBJC_IMPLEMENTATIONS = YES;
				CLANG_WARN_DIRECT_OBJC_ISA_USAGE = YES_ERROR;
				CLANG_WARN_DOCUMENTATION_COMMENTS = YES;
				CLANG_WARN_EMPTY_BODY = YES;
				CLANG_WARN_ENUM_CONVERSION = YES;
				CLANG_WARN_INFINITE_RECURSION = YES;
				CLANG_WARN_INT_CONVERSION = YES;
				CLANG_WARN_NON_LITERAL_NULL_CONVERSION = YES;
				CLANG_WARN_OBJC_IMPLICIT_RETAIN_SELF = YES;
				CLANG_WARN_OBJC_LITERAL_CONVERSION = YES;
				CLANG_WARN_OBJC_ROOT_CLASS = YES_ERROR;
				CLANG_WARN_QUOTED_INCLUDE_IN_FRAMEWORK_HEADER = YES;
				CLANG_WARN_RANGE_LOOP_ANALYSIS = YES;
				CLANG_WARN_STRICT_PROTOTYPES = YES;
				CLANG_WARN_SUSPICIOUS_MOVE = YES;
				CLANG_WARN_UNGUARDED_AVAILABILITY = YES_AGGRESSIVE;
				CLANG_WARN_UNREACHABLE_CODE = YES;
				CLANG_WARN__DUPLICATE_METHOD_MATCH = YES;
				COPY_PHASE_STRIP = NO;
				DEBUG_INFORMATION_FORMAT = "dwarf-with-dsym";
				DEVELOPMENT_TEAM = Q7CNPE587D;
				ENABLE_NS_ASSERTIONS = NO;
				ENABLE_STRICT_OBJC_MSGSEND = YES;
				ENABLE_USER_SCRIPT_SANDBOXING = YES;
				GCC_C_LANGUAGE_STANDARD = gnu17;
				GCC_NO_COMMON_BLOCKS = YES;
				GCC_WARN_64_TO_32_BIT_CONVERSION = YES;
				GCC_WARN_ABOUT_RETURN_TYPE = YES_ERROR;
				GCC_WARN_UNDECLARED_SELECTOR = YES;
				GCC_WARN_UNINITIALIZED_AUTOS = YES_AGGRESSIVE;
				GCC_WARN_UNUSED_FUNCTION = YES;
				GCC_WARN_UNUSED_VARIABLE = YES;
				IPHONEOS_DEPLOYMENT_TARGET = 18.4;
				LOCALIZATION_PREFERS_STRING_CATALOGS = YES;
				MTL_ENABLE_DEBUG_INFO = NO;
				MTL_FAST_MATH = YES;
				SDKROOT = iphoneos;
				SWIFT_COMPILATION_MODE = wholemodule;
				VALIDATE_PRODUCT = YES;
			};
			name = Release;
		};
		175D13CE2DC112D400A6191A /* Debug */ = {
			isa = XCBuildConfiguration;
			buildSettings = {
				ASSETCATALOG_COMPILER_APPICON_NAME = AppIconStg;
				ASSETCATALOG_COMPILER_GLOBAL_ACCENT_COLOR_NAME = AccentColor;
				ASSETCATALOG_COMPILER_INCLUDE_ALL_APPICON_ASSETS = YES;
				CODE_SIGN_IDENTITY = "Apple Development";
				CODE_SIGN_STYLE = Automatic;
				CURRENT_PROJECT_VERSION = 131;
				DEVELOPMENT_TEAM = Q7CNPE587D;
				ENABLE_PREVIEWS = YES;
				GENERATE_INFOPLIST_FILE = YES;
				INFOPLIST_FILE = SwahiLib/Info.plist;
				INFOPLIST_KEY_CFBundleDisplayName = SwahiLib;
				INFOPLIST_KEY_LSApplicationCategoryType = "public.app-category.education";
				INFOPLIST_KEY_UIApplicationSceneManifest_Generation = YES;
				INFOPLIST_KEY_UIApplicationSupportsIndirectInputEvents = YES;
				INFOPLIST_KEY_UILaunchScreen_Generation = YES;
				INFOPLIST_KEY_UISupportedInterfaceOrientations_iPad = "UIInterfaceOrientationPortrait UIInterfaceOrientationPortraitUpsideDown UIInterfaceOrientationLandscapeLeft UIInterfaceOrientationLandscapeRight";
				INFOPLIST_KEY_UISupportedInterfaceOrientations_iPhone = "UIInterfaceOrientationPortrait UIInterfaceOrientationLandscapeLeft UIInterfaceOrientationLandscapeRight";
				IPHONEOS_DEPLOYMENT_TARGET = 16.0;
				LD_RUNPATH_SEARCH_PATHS = (
					"$(inherited)",
					"@executable_path/Frameworks",
				);
				MARKETING_VERSION = 1.0.131;
				PRODUCT_BUNDLE_IDENTIFIER = com.swahilib;
				PRODUCT_NAME = "$(TARGET_NAME)";
				PROVISIONING_PROFILE_SPECIFIER = "";
				SUPPORTED_PLATFORMS = "iphoneos iphonesimulator";
				SUPPORTS_MACCATALYST = NO;
				SUPPORTS_MAC_DESIGNED_FOR_IPHONE_IPAD = NO;
				SUPPORTS_XR_DESIGNED_FOR_IPHONE_IPAD = NO;
				SWIFT_EMIT_LOC_STRINGS = YES;
				SWIFT_VERSION = 5.0;
				TARGETED_DEVICE_FAMILY = "1,2";
			};
			name = Debug;
		};
		175D13CF2DC112D400A6191A /* Release */ = {
			isa = XCBuildConfiguration;
			buildSettings = {
				ASSETCATALOG_COMPILER_APPICON_NAME = AppIcon;
				ASSETCATALOG_COMPILER_GLOBAL_ACCENT_COLOR_NAME = AccentColor;
				ASSETCATALOG_COMPILER_INCLUDE_ALL_APPICON_ASSETS = YES;
				CODE_SIGN_IDENTITY = "Apple Development";
				CODE_SIGN_STYLE = Automatic;
				CURRENT_PROJECT_VERSION = 131;
				DEVELOPMENT_TEAM = Q7CNPE587D;
				ENABLE_PREVIEWS = YES;
				GENERATE_INFOPLIST_FILE = YES;
				INFOPLIST_FILE = SwahiLib/Info.plist;
				INFOPLIST_KEY_CFBundleDisplayName = SwahiLib;
				INFOPLIST_KEY_LSApplicationCategoryType = "public.app-category.education";
				INFOPLIST_KEY_UIApplicationSceneManifest_Generation = YES;
				INFOPLIST_KEY_UIApplicationSupportsIndirectInputEvents = YES;
				INFOPLIST_KEY_UILaunchScreen_Generation = YES;
				INFOPLIST_KEY_UISupportedInterfaceOrientations_iPad = "UIInterfaceOrientationPortrait UIInterfaceOrientationPortraitUpsideDown UIInterfaceOrientationLandscapeLeft UIInterfaceOrientationLandscapeRight";
				INFOPLIST_KEY_UISupportedInterfaceOrientations_iPhone = "UIInterfaceOrientationPortrait UIInterfaceOrientationLandscapeLeft UIInterfaceOrientationLandscapeRight";
				IPHONEOS_DEPLOYMENT_TARGET = 16.0;
				LD_RUNPATH_SEARCH_PATHS = (
					"$(inherited)",
					"@executable_path/Frameworks",
				);
				MARKETING_VERSION = 1.0.131;
				PRODUCT_BUNDLE_IDENTIFIER = com.swahilib;
				PRODUCT_NAME = "$(TARGET_NAME)";
				PROVISIONING_PROFILE_SPECIFIER = "";
				SUPPORTED_PLATFORMS = "iphoneos iphonesimulator";
				SUPPORTS_MACCATALYST = NO;
				SUPPORTS_MAC_DESIGNED_FOR_IPHONE_IPAD = NO;
				SUPPORTS_XR_DESIGNED_FOR_IPHONE_IPAD = NO;
				SWIFT_EMIT_LOC_STRINGS = YES;
				SWIFT_VERSION = 5.0;
				TARGETED_DEVICE_FAMILY = "1,2";
			};
			name = Release;
		};
		175D13D12DC112D400A6191A /* Debug */ = {
			isa = XCBuildConfiguration;
			buildSettings = {
				BUNDLE_LOADER = "$(TEST_HOST)";
				CODE_SIGN_STYLE = Automatic;
				CURRENT_PROJECT_VERSION = 1;
				DEVELOPMENT_TEAM = Q7CNPE587D;
				GENERATE_INFOPLIST_FILE = YES;
				IPHONEOS_DEPLOYMENT_TARGET = 18.4;
				MARKETING_VERSION = 1.0;
				PRODUCT_BUNDLE_IDENTIFIER = com.SwahiLibTests;
				PRODUCT_NAME = "$(TARGET_NAME)";
				SWIFT_EMIT_LOC_STRINGS = NO;
				SWIFT_VERSION = 5.0;
				TARGETED_DEVICE_FAMILY = "1,2";
				TEST_HOST = "$(BUILT_PRODUCTS_DIR)/SwahiLib.app/$(BUNDLE_EXECUTABLE_FOLDER_PATH)/SwahiLib";
			};
			name = Debug;
		};
		175D13D22DC112D400A6191A /* Release */ = {
			isa = XCBuildConfiguration;
			buildSettings = {
				BUNDLE_LOADER = "$(TEST_HOST)";
				CODE_SIGN_STYLE = Automatic;
				CURRENT_PROJECT_VERSION = 1;
				DEVELOPMENT_TEAM = Q7CNPE587D;
				GENERATE_INFOPLIST_FILE = YES;
				IPHONEOS_DEPLOYMENT_TARGET = 18.4;
				MARKETING_VERSION = 1.0;
				PRODUCT_BUNDLE_IDENTIFIER = com.SwahiLibTests;
				PRODUCT_NAME = "$(TARGET_NAME)";
				SWIFT_EMIT_LOC_STRINGS = NO;
				SWIFT_VERSION = 5.0;
				TARGETED_DEVICE_FAMILY = "1,2";
				TEST_HOST = "$(BUILT_PRODUCTS_DIR)/SwahiLib.app/$(BUNDLE_EXECUTABLE_FOLDER_PATH)/SwahiLib";
			};
			name = Release;
		};
		175D13D42DC112D400A6191A /* Debug */ = {
			isa = XCBuildConfiguration;
			buildSettings = {
				CODE_SIGN_STYLE = Automatic;
				CURRENT_PROJECT_VERSION = 1;
				DEVELOPMENT_TEAM = Q7CNPE587D;
				GENERATE_INFOPLIST_FILE = YES;
				MARKETING_VERSION = 1.0;
				PRODUCT_BUNDLE_IDENTIFIER = com.SwahiLibUITests;
				PRODUCT_NAME = "$(TARGET_NAME)";
				SWIFT_EMIT_LOC_STRINGS = NO;
				SWIFT_VERSION = 5.0;
				TARGETED_DEVICE_FAMILY = "1,2";
				TEST_TARGET_NAME = SwahiLib;
			};
			name = Debug;
		};
		175D13D52DC112D400A6191A /* Release */ = {
			isa = XCBuildConfiguration;
			buildSettings = {
				CODE_SIGN_STYLE = Automatic;
				CURRENT_PROJECT_VERSION = 1;
				DEVELOPMENT_TEAM = Q7CNPE587D;
				GENERATE_INFOPLIST_FILE = YES;
				MARKETING_VERSION = 1.0;
				PRODUCT_BUNDLE_IDENTIFIER = com.SwahiLibUITests;
				PRODUCT_NAME = "$(TARGET_NAME)";
				SWIFT_EMIT_LOC_STRINGS = NO;
				SWIFT_VERSION = 5.0;
				TARGETED_DEVICE_FAMILY = "1,2";
				TEST_TARGET_NAME = SwahiLib;
			};
			name = Release;
		};
/* End XCBuildConfiguration section */

/* Begin XCConfigurationList section */
		175D13A22DC112BB00A6191A /* Build configuration list for PBXProject "SwahiLib" */ = {
			isa = XCConfigurationList;
			buildConfigurations = (
				175D13CB2DC112D400A6191A /* Debug */,
				175D13CC2DC112D400A6191A /* Release */,
			);
			defaultConfigurationIsVisible = 0;
			defaultConfigurationName = Release;
		};
		175D13CD2DC112D400A6191A /* Build configuration list for PBXNativeTarget "SwahiLib" */ = {
			isa = XCConfigurationList;
			buildConfigurations = (
				175D13CE2DC112D400A6191A /* Debug */,
				175D13CF2DC112D400A6191A /* Release */,
			);
			defaultConfigurationIsVisible = 0;
			defaultConfigurationName = Release;
		};
		175D13D02DC112D400A6191A /* Build configuration list for PBXNativeTarget "SwahiLibTests" */ = {
			isa = XCConfigurationList;
			buildConfigurations = (
				175D13D12DC112D400A6191A /* Debug */,
				175D13D22DC112D400A6191A /* Release */,
			);
			defaultConfigurationIsVisible = 0;
			defaultConfigurationName = Release;
		};
		175D13D32DC112D400A6191A /* Build configuration list for PBXNativeTarget "SwahiLibUITests" */ = {
			isa = XCConfigurationList;
			buildConfigurations = (
				175D13D42DC112D400A6191A /* Debug */,
				175D13D52DC112D400A6191A /* Release */,
			);
			defaultConfigurationIsVisible = 0;
			defaultConfigurationName = Release;
		};
/* End XCConfigurationList section */

/* Begin XCRemoteSwiftPackageReference section */
		1733149D2DC1499100318DD8 /* XCRemoteSwiftPackageReference "Swinject" */ = {
			isa = XCRemoteSwiftPackageReference;
			repositoryURL = "https://github.com/Swinject/Swinject.git";
			requirement = {
				kind = upToNextMajorVersion;
				minimumVersion = 2.9.1;
			};
		};
		173B62732E09774B00454071 /* XCRemoteSwiftPackageReference "lottie-ios" */ = {
			isa = XCRemoteSwiftPackageReference;
			repositoryURL = "https://github.com/airbnb/lottie-ios.git";
			requirement = {
				kind = upToNextMajorVersion;
				minimumVersion = 4.5.2;
			};
		};
		173B62762E0977CB00454071 /* XCRemoteSwiftPackageReference "supabase-swift" */ = {
			isa = XCRemoteSwiftPackageReference;
			repositoryURL = "https://github.com/supabase/supabase-swift.git";
			requirement = {
				kind = upToNextMajorVersion;
				minimumVersion = 2.5.1;
			};
		};
		175222CE2E58CF5100A2AD93 /* XCRemoteSwiftPackageReference "purchases-ios-spm" */ = {
			isa = XCRemoteSwiftPackageReference;
			repositoryURL = "https://github.com/RevenueCat/purchases-ios-spm.git";
			requirement = {
				kind = upToNextMajorVersion;
				minimumVersion = 5.35.0;
			};
		};
/* End XCRemoteSwiftPackageReference section */

/* Begin XCSwiftPackageProductDependency section */
		173314E32DC159DB00318DD8 /* Swinject */ = {
			isa = XCSwiftPackageProductDependency;
			package = 1733149D2DC1499100318DD8 /* XCRemoteSwiftPackageReference "Swinject" */;
			productName = Swinject;
		};
		173B62742E0977B200454071 /* Lottie */ = {
			isa = XCSwiftPackageProductDependency;
			package = 173B62732E09774B00454071 /* XCRemoteSwiftPackageReference "lottie-ios" */;
			productName = Lottie;
		};
		173B62772E0977DB00454071 /* Supabase */ = {
			isa = XCSwiftPackageProductDependency;
			package = 173B62762E0977CB00454071 /* XCRemoteSwiftPackageReference "supabase-swift" */;
			productName = Supabase;
		};
		17B82D072E59025700C58824 /* RevenueCat */ = {
			isa = XCSwiftPackageProductDependency;
			package = 175222CE2E58CF5100A2AD93 /* XCRemoteSwiftPackageReference "purchases-ios-spm" */;
			productName = RevenueCat;
		};
/* End XCSwiftPackageProductDependency section */
	};
	rootObject = 175D139F2DC112BB00A6191A /* Project object */;
}
